// !$*UTF8*$!
{
	archiveVersion = 1;
	classes = {
	};
	objectVersion = 50;
	objects = {

/* Begin PBXBuildFile section */
		97092C072411F390008DF300 /* AppDelegate.m in Sources */ = {isa = PBXBuildFile; fileRef = 97092C062411F390008DF300 /* AppDelegate.m */; };
		97092C0A2411F390008DF300 /* SceneDelegate.m in Sources */ = {isa = PBXBuildFile; fileRef = 97092C092411F390008DF300 /* SceneDelegate.m */; };
		97092C0D2411F390008DF300 /* ViewController.m in Sources */ = {isa = PBXBuildFile; fileRef = 97092C0C2411F390008DF300 /* ViewController.m */; };
		97092C102411F390008DF300 /* Main.storyboard in Resources */ = {isa = PBXBuildFile; fileRef = 97092C0E2411F390008DF300 /* Main.storyboard */; };
		97092C122411F392008DF300 /* Assets.xcassets in Resources */ = {isa = PBXBuildFile; fileRef = 97092C112411F392008DF300 /* Assets.xcassets */; };
		97092C152411F392008DF300 /* LaunchScreen.storyboard in Resources */ = {isa = PBXBuildFile; fileRef = 97092C132411F392008DF300 /* LaunchScreen.storyboard */; };
		97092C182411F392008DF300 /* main.m in Sources */ = {isa = PBXBuildFile; fileRef = 97092C172411F392008DF300 /* main.m */; };
/* End PBXBuildFile section */

/* Begin PBXFileReference section */
		97092C022411F390008DF300 /* SemaphoreTest.app */ = {isa = PBXFileReference; explicitFileType = wrapper.application; includeInIndex = 0; path = SemaphoreTest.app; sourceTree = BUILT_PRODUCTS_DIR; };
		97092C052411F390008DF300 /* AppDelegate.h */ = {isa = PBXFileReference; lastKnownFileType = sourcecode.c.h; path = AppDelegate.h; sourceTree = "<group>"; };
		97092C062411F390008DF300 /* AppDelegate.m */ = {isa = PBXFileReference; lastKnownFileType = sourcecode.c.objc; path = AppDelegate.m; sourceTree = "<group>"; };
		97092C082411F390008DF300 /* SceneDelegate.h */ = {isa = PBXFileReference; lastKnownFileType = sourcecode.c.h; path = SceneDelegate.h; sourceTree = "<group>"; };
		97092C092411F390008DF300 /* SceneDelegate.m */ = {isa = PBXFileReference; lastKnownFileType = sourcecode.c.objc; path = SceneDelegate.m; sourceTree = "<group>"; };
		97092C0B2411F390008DF300 /* ViewController.h */ = {isa = PBXFileReference; lastKnownFileType = sourcecode.c.h; path = ViewController.h; sourceTree = "<group>"; };
		97092C0C2411F390008DF300 /* ViewController.m */ = {isa = PBXFileReference; lastKnownFileType = sourcecode.c.objc; path = ViewController.m; sourceTree = "<group>"; };
		97092C0F2411F390008DF300 /* Base */ = {isa = PBXFileReference; lastKnownFileType = file.storyboard; name = Base; path = Base.lproj/Main.storyboard; sourceTree = "<group>"; };
		97092C112411F392008DF300 /* Assets.xcassets */ = {isa = PBXFileReference; lastKnownFileType = folder.assetcatalog; path = Assets.xcassets; sourceTree = "<group>"; };
		97092C142411F392008DF300 /* Base */ = {isa = PBXFileReference; lastKnownFileType = file.storyboard; name = Base; path = Base.lproj/LaunchScreen.storyboard; sourceTree = "<group>"; };
		97092C162411F392008DF300 /* Info.plist */ = {isa = PBXFileReference; lastKnownFileType = text.plist.xml; path = Info.plist; sourceTree = "<group>"; };
		97092C172411F392008DF300 /* main.m */ = {isa = PBXFileReference; lastKnownFileType = sourcecode.c.objc; path = main.m; sourceTree = "<group>"; };
/* End PBXFileReference section */

/* Begin PBXFrameworksBuildPhase section */
		97092BFF2411F390008DF300 /* Frameworks */ = {
			isa = PBXFrameworksBuildPhase;
			buildActionMask = 2147483647;
			files = (
			);
			runOnlyForDeploymentPostprocessing = 0;
		};
/* End PBXFrameworksBuildPhase section */

/* Begin PBXGroup section */
		97092BF92411F390008DF300 = {
			isa = PBXGroup;
			children = (
				97092C042411F390008DF300 /* SemaphoreTest */,
				97092C032411F390008DF300 /* Products */,
			);
			sourceTree = "<group>";
		};
		97092C032411F390008DF300 /* Products */ = {
			isa = PBXGroup;
			children = (
				97092C022411F390008DF300 /* SemaphoreTest.app */,
			);
			name = Products;
			sourceTree = "<group>";
		};
		97092C042411F390008DF300 /* SemaphoreTest */ = {
			isa = PBXGroup;
			children = (
				97092C052411F390008DF300 /* AppDelegate.h */,
				97092C062411F390008DF300 /* AppDelegate.m */,
				97092C082411F390008DF300 /* SceneDelegate.h */,
				97092C092411F390008DF300 /* SceneDelegate.m */,
				97092C0B2411F390008DF300 /* ViewController.h */,
				97092C0C2411F390008DF300 /* ViewController.m */,
				97092C0E2411F390008DF300 /* Main.storyboard */,
				97092C112411F392008DF300 /* Assets.xcassets */,
				97092C132411F392008DF300 /* LaunchScreen.storyboard */,
				97092C162411F392008DF300 /* Info.plist */,
				97092C172411F392008DF300 /* main.m */,
			);
			path = SemaphoreTest;
			sourceTree = "<group>";
		};
/* End PBXGroup section */

/* Begin PBXNativeTarget section */
		97092C012411F390008DF300 /* SemaphoreTest */ = {
			isa = PBXNativeTarget;
			buildConfigurationList = 97092C1B2411F392008DF300 /* Build configuration list for PBXNativeTarget "SemaphoreTest" */;
			buildPhases = (
				97092BFE2411F390008DF300 /* Sources */,
				97092BFF2411F390008DF300 /* Frameworks */,
				97092C002411F390008DF300 /* Resources */,
			);
			buildRules = (
			);
			dependencies = (
			);
			name = SemaphoreTest;
			productName = SemaphoreTest;
			productReference = 97092C022411F390008DF300 /* SemaphoreTest.app */;
			productType = "com.apple.product-type.application";
		};
/* End PBXNativeTarget section */

/* Begin PBXProject section */
		97092BFA2411F390008DF300 /* Project object */ = {
			isa = PBXProject;
			attributes = {
				LastUpgradeCheck = 1130;
				ORGANIZATIONNAME = KnowChat03;
				TargetAttributes = {
					97092C012411F390008DF300 = {
						CreatedOnToolsVersion = 11.3.1;
					};
				};
			};
			buildConfigurationList = 97092BFD2411F390008DF300 /* Build configuration list for PBXProject "SemaphoreTest" */;
			compatibilityVersion = "Xcode 9.3";
			developmentRegion = en;
			hasScannedForEncodings = 0;
			knownRegions = (
				en,
				Base,
			);
			mainGroup = 97092BF92411F390008DF300;
			productRefGroup = 97092C032411F390008DF300 /* Products */;
			projectDirPath = "";
			projectRoot = "";
			targets = (
				97092C012411F390008DF300 /* SemaphoreTest */,
			);
		};
/* End PBXProject section */

/* Begin PBXResourcesBuildPhase section */
		97092C002411F390008DF300 /* Resources */ = {
			isa = PBXResourcesBuildPhase;
			buildActionMask = 2147483647;
			files = (
				97092C152411F392008DF300 /* LaunchScreen.storyboard in Resources */,
				97092C122411F392008DF300 /* Assets.xcassets in Resources */,
				97092C102411F390008DF300 /* Main.storyboard in Resources */,
			);
			runOnlyForDeploymentPostprocessing = 0;
		};
/* End PBXResourcesBuildPhase section */

/* Begin PBXSourcesBuildPhase section */
		97092BFE2411F390008DF300 /* Sources */ = {
			isa = PBXSourcesBuildPhase;
			buildActionMask = 2147483647;
			files = (
				97092C0D2411F390008DF300 /* ViewController.m in Sources */,
				97092C072411F390008DF300 /* AppDelegate.m in Sources */,
				97092C182411F392008DF300 /* main.m in Sources */,
				97092C0A2411F390008DF300 /* SceneDelegate.m in Sources */,
			);
			runOnlyForDeploymentPostprocessing = 0;
		};
/* End PBXSourcesBuildPhase section */

/* Begin PBXVariantGroup section */
		97092C0E2411F390008DF300 /* Main.storyboard */ = {
			isa = PBXVariantGroup;
			children = (
				97092C0F2411F390008DF300 /* Base */,
			);
			name = Main.storyboard;
			sourceTree = "<group>";
		};
		97092C132411F392008DF300 /* LaunchScreen.storyboard */ = {
			isa = PBXVariantGroup;
			children = (
				97092C142411F392008DF300 /* Base */,
			);
			name = LaunchScreen.storyboard;
			sourceTree = "<group>";
		};
/* End PBXVariantGroup section */

/* Begin XCBuildConfiguration section */
		97092C192411F392008DF300 /* Debug */ = {
			isa = XCBuildConfiguration;
			buildSettings = {
				ALWAYS_SEARCH_USER_PATHS = NO;
				CLANG_ANALYZER_NONNULL = YES;
				CLANG_ANALYZER_NUMBER_OBJECT_CONVERSION = YES_AGGRESSIVE;
				CLANG_CXX_LANGUAGE_STANDARD = "gnu++14";
				CLANG_CXX_LIBRARY = "libc++";
				CLANG_ENABLE_MODULES = YES;
				CLANG_ENABLE_OBJC_ARC = YES;
				CLANG_ENABLE_OBJC_WEAK = YES;
				CLANG_WARN_BLOCK_CAPTURE_AUTORELEASING = YES;
				CLANG_WARN_BOOL_CONVERSION = YES;
				CLANG_WARN_COMMA = YES;
				CLANG_WARN_CONSTANT_CONVERSION = YES;
				CLANG_WARN_DEPRECATED_OBJC_IMPLEMENTATIONS = YES;
				CLANG_WARN_DIRECT_OBJC_ISA_USAGE = YES_ERROR;
				CLANG_WARN_DOCUMENTATION_COMMENTS = YES;
				CLANG_WARN_EMPTY_BODY = YES;
				CLANG_WARN_ENUM_CONVERSION = YES;
				CLANG_WARN_INFINITE_RECURSION = YES;
				CLANG_WARN_INT_CONVERSION = YES;
				CLANG_WARN_NON_LITERAL_NULL_CONVERSION = YES;
				CLANG_WARN_OBJC_IMPLICIT_RETAIN_SELF = YES;
				CLANG_WARN_OBJC_LITERAL_CONVERSION = YES;
				CLANG_WARN_OBJC_ROOT_CLASS = YES_ERROR;
				CLANG_WARN_RANGE_LOOP_ANALYSIS = YES;
				CLANG_WARN_STRICT_PROTOTYPES = YES;
				CLANG_WARN_SUSPICIOUS_MOVE = YES;
				CLANG_WARN_UNGUARDED_AVAILABILITY = YES_AGGRESSIVE;
				CLANG_WARN_UNREACHABLE_CODE = YES;
				CLANG_WARN__DUPLICATE_METHOD_MATCH = YES;
				COPY_PHASE_STRIP = NO;
				DEBUG_INFORMATION_FORMAT = dwarf;
				ENABLE_STRICT_OBJC_MSGSEND = YES;
				ENABLE_TESTABILITY = YES;
				GCC_C_LANGUAGE_STANDARD = gnu11;
				GCC_DYNAMIC_NO_PIC = NO;
				GCC_NO_COMMON_BLOCKS = YES;
				GCC_OPTIMIZATION_LEVEL = 0;
				GCC_PREPROCESSOR_DEFINITIONS = (
					"DEBUG=1",
					"$(inherited)",
				);
				GCC_WARN_64_TO_32_BIT_CONVERSION = YES;
				GCC_WARN_ABOUT_RETURN_TYPE = YES_ERROR;
				GCC_WARN_UNDECLARED_SELECTOR = YES;
				GCC_WARN_UNINITIALIZED_AUTOS = YES_AGGRESSIVE;
				GCC_WARN_UNUSED_FUNCTION = YES;
				GCC_WARN_UNUSED_VARIABLE = YES;
				IPHONEOS_DEPLOYMENT_TARGET = 13.2;
				MTL_ENABLE_DEBUG_INFO = INCLUDE_SOURCE;
				MTL_FAST_MATH = YES;
				ONLY_ACTIVE_ARCH = YES;
				SDKROOT = iphoneos;
			};
			name = Debug;
		};
		97092C1A2411F392008DF300 /* Release */ = {
			isa = XCBuildConfiguration;
			buildSettings = {
				ALWAYS_SEARCH_USER_PATHS = NO;
				CLANG_ANALYZER_NONNULL = YES;
				CLANG_ANALYZER_NUMBER_OBJECT_CONVERSION = YES_AGGRESSIVE;
				CLANG_CXX_LANGUAGE_STANDARD = "gnu++14";
				CLANG_CXX_LIBRARY = "libc++";
				CLANG_ENABLE_MODULES = YES;
				CLANG_ENABLE_OBJC_ARC = YES;
				CLANG_ENABLE_OBJC_WEAK = YES;
				CLANG_WARN_BLOCK_CAPTURE_AUTORELEASING = YES;
				CLANG_WARN_BOOL_CONVERSION = YES;
				CLANG_WARN_COMMA = YES;
				CLANG_WARN_CONSTANT_CONVERSION = YES;
				CLANG_WARN_DEPRECATED_OBJC_IMPLEMENTATIONS = YES;
				CLANG_WARN_DIRECT_OBJC_ISA_USAGE = YES_ERROR;
				CLANG_WARN_DOCUMENTATION_COMMENTS = YES;
				CLANG_WARN_EMPTY_BODY = YES;
				CLANG_WARN_ENUM_CONVERSION = YES;
				CLANG_WARN_INFINITE_RECURSION = YES;
				CLANG_WARN_INT_CONVERSION = YES;
				CLANG_WARN_NON_LITERAL_NULL_CONVERSION = YES;
				CLANG_WARN_OBJC_IMPLICIT_RETAIN_SELF = YES;
				CLANG_WARN_OBJC_LITERAL_CONVERSION = YES;
				CLANG_WARN_OBJC_ROOT_CLASS = YES_ERROR;
				CLANG_WARN_RANGE_LOOP_ANALYSIS = YES;
				CLANG_WARN_STRICT_PROTOTYPES = YES;
				CLANG_WARN_SUSPICIOUS_MOVE = YES;
				CLANG_WARN_UNGUARDED_AVAILABILITY = YES_AGGRESSIVE;
				CLANG_WARN_UNREACHABLE_CODE = YES;
				CLANG_WARN__DUPLICATE_METHOD_MATCH = YES;
				COPY_PHASE_STRIP = NO;
				DEBUG_INFORMATION_FORMAT = "dwarf-with-dsym";
				ENABLE_NS_ASSERTIONS = NO;
				ENABLE_STRICT_OBJC_MSGSEND = YES;
				GCC_C_LANGUAGE_STANDARD = gnu11;
				GCC_NO_COMMON_BLOCKS = YES;
				GCC_WARN_64_TO_32_BIT_CONVERSION = YES;
				GCC_WARN_ABOUT_RETURN_TYPE = YES_ERROR;
				GCC_WARN_UNDECLARED_SELECTOR = YES;
				GCC_WARN_UNINITIALIZED_AUTOS = YES_AGGRESSIVE;
				GCC_WARN_UNUSED_FUNCTION = YES;
				GCC_WARN_UNUSED_VARIABLE = YES;
				IPHONEOS_DEPLOYMENT_TARGET = 13.2;
				MTL_ENABLE_DEBUG_INFO = NO;
				MTL_FAST_MATH = YES;
				SDKROOT = iphoneos;
				VALIDATE_PRODUCT = YES;
			};
			name = Release;
		};
		97092C1C2411F392008DF300 /* Debug */ = {
			isa = XCBuildConfiguration;
			buildSettings = {
				ASSETCATALOG_COMPILER_APPICON_NAME = AppIcon;
				CODE_SIGN_STYLE = Automatic;
				DEVELOPMENT_TEAM = PA53F94VJ4;
				INFOPLIST_FILE = SemaphoreTest/Info.plist;
				LD_RUNPATH_SEARCH_PATHS = (
					"$(inherited)",
					"@executable_path/Frameworks",
				);
				PRODUCT_BUNDLE_IDENTIFIER = com.kc.zhichat.SemaphoreTest;
				PRODUCT_NAME = "$(TARGET_NAME)";
				TARGETED_DEVICE_FAMILY = "1,2";
			};
			name = Debug;
		};
		97092C1D2411F392008DF300 /* Release */ = {
			isa = XCBuildConfiguration;
			buildSettings = {
				ASSETCATALOG_COMPILER_APPICON_NAME = AppIcon;
				CODE_SIGN_STYLE = Automatic;
				DEVELOPMENT_TEAM = PA53F94VJ4;
				INFOPLIST_FILE = SemaphoreTest/Info.plist;
				LD_RUNPATH_SEARCH_PATHS = (
					"$(inherited)",
					"@executable_path/Frameworks",
				);
				PRODUCT_BUNDLE_IDENTIFIER = com.kc.zhichat.SemaphoreTest;
				PRODUCT_NAME = "$(TARGET_NAME)";
				TARGETED_DEVICE_FAMILY = "1,2";
			};
			name = Release;
		};
/* End XCBuildConfiguration section */

/* Begin XCConfigurationList section */
		97092BFD2411F390008DF300 /* Build configuration list for PBXProject "SemaphoreTest" */ = {
			isa = XCConfigurationList;
			buildConfigurations = (
				97092C192411F392008DF300 /* Debug */,
				97092C1A2411F392008DF300 /* Release */,
			);
			defaultConfigurationIsVisible = 0;
			defaultConfigurationName = Release;
		};
		97092C1B2411F392008DF300 /* Build configuration list for PBXNativeTarget "SemaphoreTest" */ = {
			isa = XCConfigurationList;
			buildConfigurations = (
				97092C1C2411F392008DF300 /* Debug */,
				97092C1D2411F392008DF300 /* Release */,
			);
			defaultConfigurationIsVisible = 0;
			defaultConfigurationName = Release;
		};
/* End XCConfigurationList section */
	};
	rootObject = 97092BFA2411F390008DF300 /* Project object */;
}
